
Microsoft Visual Studio Solution File, Format Version 12.00
# Visual Studio Version 17
VisualStudioVersion = 17.1.32210.238
MinimumVisualStudioVersion = 10.0.40219.1
Project("{FAE04EC0-301F-11D3-BF4B-00C04F79EFBC}") = "ConsoleApp1", "ConsoleApp1.csproj", "{C27897FF-01BF-4EC7-9C81-5176B986A7A7}"
EndProject
Project("{FAE04EC0-301F-11D3-BF4B-00C04F79EFBC}") = "project2", "..\project2\project2.csproj", "{7318550D-79C8-4210-ADA4-23CAFC35B956}"
EndProject
Global
	GlobalSection(SolutionConfigurationPlatforms) = preSolution
		Debug|Any CPU = Debug|Any CPU
		Release|Any CPU = Release|Any CPU
	EndGlobalSection
	GlobalSection(ProjectConfigurationPlatforms) = postSolution
		{C27897FF-01BF-4EC7-9C81-5176B986A7A7}.Debug|Any CPU.ActiveCfg = Debug|Any CPU
		{C27897FF-01BF-4EC7-9C81-5176B986A7A7}.Debug|Any CPU.Build.0 = Debug|Any CPU
		{C27897FF-01BF-4EC7-9C81-5176B986A7A7}.Release|Any CPU.ActiveCfg = Release|Any CPU
		{C27897FF-01BF-4EC7-9C81-5176B986A7A7}.Release|Any CPU.Build.0 = Release|Any CPU
		{7318550D-79C8-4210-ADA4-23CAFC35B956}.Debug|Any CPU.ActiveCfg = Debug|Any CPU
		{7318550D-79C8-4210-ADA4-23CAFC35B956}.Debug|Any CPU.Build.0 = Debug|Any CPU
		{7318550D-79C8-4210-ADA4-23CAFC35B956}.Release|Any CPU.ActiveCfg = Release|Any CPU
		{7318550D-79C8-4210-ADA4-23CAFC35B956}.Release|Any CPU.Build.0 = Release|Any CPU
	EndGlobalSection
	GlobalSection(SolutionProperties) = preSolution
		HideSolutionNode = FALSE
	EndGlobalSection
	GlobalSection(ExtensibilityGlobals) = postSolution
		SolutionGuid = {8ECB590B-0ECB-4FD0-A158-1C12D5E491F7}
	EndGlobalSection
EndGlobal
